
Microsoft Visual Studio Solution File, Format Version 12.00
Project("{FAE04EC0-301F-11D3-BF4B-00C04F79EFBC}") = "Marmelade", "Marmelade\Marmelade.csproj", "{87BD04F1-66A0-477A-A6CA-CDE6BCB7841B}"
EndProject
Project("{FAE04EC0-301F-11D3-BF4B-00C04F79EFBC}") = "JellyfinClient", "JellyfinClient\JellyfinClient.csproj", "{30BF9DD9-4111-445D-AFFB-FB3A36D7B9C7}"
EndProject
Global
	GlobalSection(SolutionConfigurationPlatforms) = preSolution
		Debug|Any CPU = Debug|Any CPU
		Release|Any CPU = Release|Any CPU
	EndGlobalSection
	GlobalSection(ProjectConfigurationPlatforms) = postSolution
		{87BD04F1-66A0-477A-A6CA-CDE6BCB7841B}.Debug|Any CPU.ActiveCfg = Debug|Any CPU
		{87BD04F1-66A0-477A-A6CA-CDE6BCB7841B}.Debug|Any CPU.Build.0 = Debug|Any CPU
		{87BD04F1-66A0-477A-A6CA-CDE6BCB7841B}.Release|Any CPU.ActiveCfg = Release|Any CPU
		{87BD04F1-66A0-477A-A6CA-CDE6BCB7841B}.Release|Any CPU.Build.0 = Release|Any CPU
		{30BF9DD9-4111-445D-AFFB-FB3A36D7B9C7}.Debug|Any CPU.ActiveCfg = Debug|Any CPU
		{30BF9DD9-4111-445D-AFFB-FB3A36D7B9C7}.Debug|Any CPU.Build.0 = Debug|Any CPU
		{30BF9DD9-4111-445D-AFFB-FB3A36D7B9C7}.Release|Any CPU.ActiveCfg = Release|Any CPU
		{30BF9DD9-4111-445D-AFFB-FB3A36D7B9C7}.Release|Any CPU.Build.0 = Release|Any CPU
	EndGlobalSection
EndGlobal
